{
  "name": "staging-test",
  "version": "1.0.0",
  "lockfileVersion": 3,
  "requires": true,
  "packages": {
    "": {
      "name": "staging-test",
      "version": "1.0.0",
      "license": "ISC",
      "dependencies": {
        "@ayxdele/kinetic-keys": "file:../ayxdele-kinetic-keys-2.0.0.tgz"
      }
    },
    "node_modules/@ayxdele/kinetic-keys": {
      "version": "2.0.0",
      "resolved": "file:../ayxdele-kinetic-keys-2.0.0.tgz",
      "integrity": "sha512-8wVFLfsB68S1iT9/FZawUQRfkd6yie2WrvZ2jP3irNf4v/p2mp93oEdM0dMu/F5yBQonIVULx1kZEvetfbsH9w==",
      "dependencies": {
        "argon2": "^0.41.1",
        "nanoid": "^5.1.5"
      }
    },
    "node_modules/@phc/format": {
      "version": "1.0.0",
      "resolved": "https://registry.npmjs.org/@phc/format/-/format-1.0.0.tgz",
      "integrity": "sha512-m7X9U6BG2+J+R1lSOdCiITLLrxm+cWlNI3HUFA92oLO77ObGNzaKdh8pMLqdZcshtkKuV84olNNXDfMc4FezBQ==",
      "engines": {
        "node": ">=10"
      }
    },
    "node_modules/argon2": {
      "version": "0.41.1",
      "resolved": "https://registry.npmjs.org/argon2/-/argon2-0.41.1.tgz",
      "integrity": "sha512-dqCW8kJXke8Ik+McUcMDltrbuAWETPyU6iq+4AhxqKphWi7pChB/Zgd/Tp/o8xRLbg8ksMj46F/vph9wnxpTzQ==",
      "hasInstallScript": true,
      "dependencies": {
        "@phc/format": "^1.0.0",
        "node-addon-api": "^8.1.0",
        "node-gyp-build": "^4.8.1"
      },
      "engines": {
        "node": ">=16.17.0"
      }
    },
    "node_modules/nanoid": {
      "version": "5.1.5",
      "resolved": "https://registry.npmjs.org/nanoid/-/nanoid-5.1.5.tgz",
      "integrity": "sha512-Ir/+ZpE9fDsNH0hQ3C68uyThDXzYcim2EqcZ8zn8Chtt1iylPT9xXJB0kPCnqzgcEGikO9RxSrh63MsmVCU7Fw==",
      "funding": [
        {
          "type": "github",
          "url": "https://github.com/sponsors/ai"
        }
      ],
      "bin": {
        "nanoid": "bin/nanoid.js"
      },
      "engines": {
        "node": "^18 || >=20"
      }
    },
    "node_modules/node-addon-api": {
      "version": "8.4.0",
      "resolved": "https://registry.npmjs.org/node-addon-api/-/node-addon-api-8.4.0.tgz",
      "integrity": "sha512-D9DI/gXHvVmjHS08SVch0Em8G5S1P+QWtU31appcKT/8wFSPRcdHadIFSAntdMMVM5zz+/DL+bL/gz3UDppqtg==",
      "engines": {
        "node": "^18 || ^20 || >= 21"
      }
    },
    "node_modules/node-gyp-build": {
      "version": "4.8.4",
      "resolved": "https://registry.npmjs.org/node-gyp-build/-/node-gyp-build-4.8.4.tgz",
      "integrity": "sha512-LA4ZjwlnUblHVgq0oBF3Jl/6h/Nvs5fzBLwdEF4nuxnFdsfajde4WfxtJr3CaiH+F6ewcIB/q4jQ4UzPyid+CQ==",
      "bin": {
        "node-gyp-build": "bin.js",
        "node-gyp-build-optional": "optional.js",
        "node-gyp-build-test": "build-test.js"
      }
    }
  }
}
